
Microsoft Visual Studio Solution File, Format Version 12.00
# Visual Studio Version 17
VisualStudioVersion = 17.1.32421.90
MinimumVisualStudioVersion = 10.0.40219.1
Project("{FAE04EC0-301F-11D3-BF4B-00C04F79EFBC}") = "SteamKit2.CSGO", "SteamKit2.CSGO\SteamKit2.CSGO.csproj", "{3D2F413B-AE2F-4D32-AD61-87813E9ECD70}"
EndProject
Global
	GlobalSection(SolutionConfigurationPlatforms) = preSolution
		Debug|Any CPU = Debug|Any CPU
		Release|Any CPU = Release|Any CPU
	EndGlobalSection
	GlobalSection(ProjectConfigurationPlatforms) = postSolution
		{3D2F413B-AE2F-4D32-AD61-87813E9ECD70}.Debug|Any CPU.ActiveCfg = Debug|Any CPU
		{3D2F413B-AE2F-4D32-AD61-87813E9ECD70}.Debug|Any CPU.Build.0 = Debug|Any CPU
		{3D2F413B-AE2F-4D32-AD61-87813E9ECD70}.Release|Any CPU.ActiveCfg = Release|Any CPU
		{3D2F413B-AE2F-4D32-AD61-87813E9ECD70}.Release|Any CPU.Build.0 = Release|Any CPU
	EndGlobalSection
	GlobalSection(SolutionProperties) = preSolution
		HideSolutionNode = FALSE
	EndGlobalSection
	GlobalSection(ExtensibilityGlobals) = postSolution
		SolutionGuid = {79E7EE2D-D079-4233-96BA-F6FB7F288745}
	EndGlobalSection
EndGlobal
